
Microsoft Visual Studio Solution File, Format Version 12.00
# Visual Studio Version 17
VisualStudioVersion = 17.4.33213.308
MinimumVisualStudioVersion = 10.0.40219.1
Project("{FAE04EC0-301F-11D3-BF4B-00C04F79EFBC}") = "Sucesión de Fibonacci", "Sucesión de Fibonacci\Sucesión de Fibonacci.csproj", "{C6463C6F-FE6F-4790-B48B-1624D9025073}"
EndProject
Global
	GlobalSection(SolutionConfigurationPlatforms) = preSolution
		Debug|Any CPU = Debug|Any CPU
		Release|Any CPU = Release|Any CPU
	EndGlobalSection
	GlobalSection(ProjectConfigurationPlatforms) = postSolution
		{C6463C6F-FE6F-4790-B48B-1624D9025073}.Debug|Any CPU.ActiveCfg = Debug|Any CPU
		{C6463C6F-FE6F-4790-B48B-1624D9025073}.Debug|Any CPU.Build.0 = Debug|Any CPU
		{C6463C6F-FE6F-4790-B48B-1624D9025073}.Release|Any CPU.ActiveCfg = Release|Any CPU
		{C6463C6F-FE6F-4790-B48B-1624D9025073}.Release|Any CPU.Build.0 = Release|Any CPU
	EndGlobalSection
	GlobalSection(SolutionProperties) = preSolution
		HideSolutionNode = FALSE
	EndGlobalSection
	GlobalSection(ExtensibilityGlobals) = postSolution
		SolutionGuid = {809B68EF-C064-41D7-ACFB-CB6FECC58F7E}
	EndGlobalSection
EndGlobal
